
Microsoft Visual Studio Solution File, Format Version 12.00
# Visual Studio Version 17
VisualStudioVersion = 17.7.34031.279
MinimumVisualStudioVersion = 10.0.40219.1
Project("{FAE04EC0-301F-11D3-BF4B-00C04F79EFBC}") = "HomeWork4", "HomeWork4.csproj", "{64B3F3B1-3D96-4983-B5A0-8146DAAC7128}"
EndProject
Global
	GlobalSection(SolutionConfigurationPlatforms) = preSolution
		Debug|Any CPU = Debug|Any CPU
		Release|Any CPU = Release|Any CPU
	EndGlobalSection
	GlobalSection(ProjectConfigurationPlatforms) = postSolution
		{64B3F3B1-3D96-4983-B5A0-8146DAAC7128}.Debug|Any CPU.ActiveCfg = Debug|Any CPU
		{64B3F3B1-3D96-4983-B5A0-8146DAAC7128}.Debug|Any CPU.Build.0 = Debug|Any CPU
		{64B3F3B1-3D96-4983-B5A0-8146DAAC7128}.Release|Any CPU.ActiveCfg = Release|Any CPU
		{64B3F3B1-3D96-4983-B5A0-8146DAAC7128}.Release|Any CPU.Build.0 = Release|Any CPU
	EndGlobalSection
	GlobalSection(SolutionProperties) = preSolution
		HideSolutionNode = FALSE
	EndGlobalSection
	GlobalSection(ExtensibilityGlobals) = postSolution
		SolutionGuid = {8613E56F-541E-4F2C-AEC4-E3F25E04780A}
	EndGlobalSection
EndGlobal
